github.com/ilius/consolesize-go v1.1.0 h1:/8JLzMHoyCoSjNAHav/3l/T6sfPaea8AfNDfbK1d7NA=
github.com/ilius/consolesize-go v1.1.0/go.mod h1:iRSLhzGiiSiIQAx1HpZzDdYz1xU9Ear9QRJCIZKKsSU=
github.com/ilius/etc v0.1.1 h1:mPvea+z/VlyhvHD4NPux/e95FQRY49PmoCLZc9jHTJM=
github.com/ilius/etc v0.1.1/go.mod h1:MkUUAiB6tPqGh20ep0Tfdz5KJOJMaJIlWUtorxmBEfE=
github.com/ilius/expr v1.10.4-0.20230123150142-60ff6902f173 h1:nC7S6ndefb4Mc41RNsfNf5ISmmJqlSfaG+VnyFCIb8A=
github.com/ilius/expr v1.10.4-0.20230123150142-60ff6902f173/go.mod h1:PYvTr51f/sj7lPIDlGFv92vvtgANQ5bhSPOJ1L32rcM=
github.com/ilius/go-colorable v1.0.0 h1:wJyq05I2VOnPKoPl6sKsv3V3N8tSkNGQl5Z22ZuHTY0=
github.com/ilius/go-colorable v1.0.0/go.mod h1:C+ica4o2vNsfE86XclwTF/+yxAC64YwmHwUwbvxMJjk=
github.com/ilius/go-lru v0.1.0 h1:6lkC8I4Ek24BPpn4XzaEX29nUjUu8wtQ4WEgyO1Qk0s=
github.com/ilius/go-lru v0.1.0/go.mod h1:6BqKHgh68xAm4qHYrHnCSI+cw2SsfFnd6aPCP5CP058=
github.com/ilius/go-table v0.7.3 h1:mSM1NVCGGc0CAPuE34i950asPbfGsS6jbbSq2KVJLGU=
github.com/ilius/go-table v0.7.3/go.mod h1:nxuANak8qe9SKkejtJDH29M5BYjQPOnSiwkvcTjnwmE=
github.com/ilius/goopt v0.1.0 h1:3k33NIJfTxxsLRpamfvotB8yNlDKt8h8Sg2+A+nciHQ=
github.com/ilius/goopt v0.1.0/go.mod h1:ZGy2LsuXmoi5GNg0UzaSBCkg3VAGkzv5vfbFMdxIQLA=
github.com/ilius/is/v2 v2.3.2 h1:14u2j/UTKeIHKlcp/48dabf7+7QJ9JJaaoeHVvfyAOk=
github.com/ilius/is/v2 v2.3.2/go.mod h1:OMGTmQDDc3Svaj3EoQHeNnXHP0R1HCb5u/Hfm7kuYIM=
github.com/itchyny/timefmt-go v0.1.5 h1:G0INE2la8S6ru/ZI5JecgyzbbJNs5lG1RcBqa7Jm6GE=
github.com/itchyny/timefmt-go v0.1.5/go.mod h1:nEP7L+2YmAbT2kZ2HfSs1d8Xtw9LY8D2stDBckWakZ8=
